PODS:
  - Cache (1.0.0)
  - Charts (2.2.3):
    - Charts/Core (= 2.2.3)
  - Charts/Core (2.2.3)
  - LxThroughPointsBezier (1.0.0)
  - Masonry (0.6.4)
  - Popover (0.9.0)

DEPENDENCIES:
  - Cache
  - Charts
  - LxThroughPointsBezier (~> 1.0.0)
  - Masonry
  - Popover

SPEC CHECKSUMS:
  Cache: 78f58bc008313c7a1182967a2ebcb3de9fddecd4
  Charts: f54267bb3f0f0e74520c6f248517cf5074dfd6fc
  LxThroughPointsBezier: fdebe18dd4ddab9406d9827db77a078b4738b00f
  Masonry: 281802d04d787ea2973179ee8bcb50500579ede2
  Popover: e5a2cbfa29bb982c95cff0d7eb94f47173dbfbcc

COCOAPODS: 0.39.0
