<?xml version="1.0" encoding="UTF-8"?>
<!DOCTYPE plist PUBLIC "-//Apple//DTD PLIST 1.0//EN" "http://www.apple.com/DTDs/PropertyList-1.0.dtd">
<plist version="1.0">
<dict>
	<key>archiveVersion</key>
	<string>1</string>
	<key>classes</key>
	<dict/>
	<key>objectVersion</key>
	<string>46</string>
	<key>objects</key>
	<dict>
		<key>01B43A521A5C598FF1B22946</key>
		<dict>
			<key>children</key>
			<array>
				<string>ECE2A5F482C85339E0C06553</string>
				<string>9E23C2195779FAA656A31D7F</string>
			</array>
			<key>isa</key>
			<string>PBXGroup</string>
			<key>name</key>
			<string>Pods</string>
			<key>sourceTree</key>
			<string>&lt;group&gt;</string>
		</dict>
		<key>6DC6267DA9C6EFF2E3511A86</key>
		<dict>
			<key>buildActionMask</key>
			<string>2147483647</string>
			<key>files</key>
			<array/>
			<key>inputPaths</key>
			<array/>
			<key>isa</key>
			<string>PBXShellScriptBuildPhase</string>
			<key>name</key>
			<string>Embed Pods Frameworks</string>
			<key>outputPaths</key>
			<array/>
			<key>runOnlyForDeploymentPostprocessing</key>
			<string>0</string>
			<key>shellPath</key>
			<string>/bin/sh</string>
			<key>shellScript</key>
			<string>"${SRCROOT}/Pods/Target Support Files/Pods-Universe/Pods-Universe-frameworks.sh"
</string>
			<key>showEnvVarsInLog</key>
			<string>0</string>
		</dict>
		<key>8601DD708E98C2386B24E1C1</key>
		<dict>
			<key>buildActionMask</key>
			<string>2147483647</string>
			<key>files</key>
			<array/>
			<key>inputPaths</key>
			<array/>
			<key>isa</key>
			<string>PBXShellScriptBuildPhase</string>
			<key>name</key>
			<string>Check Pods Manifest.lock</string>
			<key>outputPaths</key>
			<array/>
			<key>runOnlyForDeploymentPostprocessing</key>
			<string>0</string>
			<key>shellPath</key>
			<string>/bin/sh</string>
			<key>shellScript</key>
			<string>diff "${PODS_ROOT}/../Podfile.lock" "${PODS_ROOT}/Manifest.lock" &gt; /dev/null
if [[ $? != 0 ]] ; then
    cat &lt;&lt; EOM
error: The sandbox is not in sync with the Podfile.lock. Run 'pod install' or update your CocoaPods installation.
EOM
    exit 1
fi
</string>
			<key>showEnvVarsInLog</key>
			<string>0</string>
		</dict>
		<key>94C6A896EE73ED6CDB3A69D7</key>
		<dict>
			<key>children</key>
			<array>
				<string>F84E7FE123ED8EEBCAEB0E06</string>
			</array>
			<key>isa</key>
			<string>PBXGroup</string>
			<key>name</key>
			<string>Frameworks</string>
			<key>sourceTree</key>
			<string>&lt;group&gt;</string>
		</dict>
		<key>9E23C2195779FAA656A31D7F</key>
		<dict>
			<key>includeInIndex</key>
			<string>1</string>
			<key>isa</key>
			<string>PBXFileReference</string>
			<key>lastKnownFileType</key>
			<string>text.xcconfig</string>
			<key>name</key>
			<string>Pods-Universe.release.xcconfig</string>
			<key>path</key>
			<string>Pods/Target Support Files/Pods-Universe/Pods-Universe.release.xcconfig</string>
			<key>sourceTree</key>
			<string>&lt;group&gt;</string>
		</dict>
		<key>D5E77C20438A7E4F2C60D65C</key>
		<dict>
			<key>buildActionMask</key>
			<string>2147483647</string>
			<key>files</key>
			<array/>
			<key>inputPaths</key>
			<array/>
			<key>isa</key>
			<string>PBXShellScriptBuildPhase</string>
			<key>name</key>
			<string>Copy Pods Resources</string>
			<key>outputPaths</key>
			<array/>
			<key>runOnlyForDeploymentPostprocessing</key>
			<string>0</string>
			<key>shellPath</key>
			<string>/bin/sh</string>
			<key>shellScript</key>
			<string>"${SRCROOT}/Pods/Target Support Files/Pods-Universe/Pods-Universe-resources.sh"
</string>
			<key>showEnvVarsInLog</key>
			<string>0</string>
		</dict>
		<key>EBA1498474E73C8B3DA2E61C</key>
		<dict>
			<key>fileRef</key>
			<string>F84E7FE123ED8EEBCAEB0E06</string>
			<key>isa</key>
			<string>PBXBuildFile</string>
		</dict>
		<key>ECE2A5F482C85339E0C06553</key>
		<dict>
			<key>includeInIndex</key>
			<string>1</string>
			<key>isa</key>
			<string>PBXFileReference</string>
			<key>lastKnownFileType</key>
			<string>text.xcconfig</string>
			<key>name</key>
			<string>Pods-Universe.debug.xcconfig</string>
			<key>path</key>
			<string>Pods/Target Support Files/Pods-Universe/Pods-Universe.debug.xcconfig</string>
			<key>sourceTree</key>
			<string>&lt;group&gt;</string>
		</dict>
		<key>F02473EF1CA57E7A0049DB21</key>
		<dict>
			<key>children</key>
			<array>
				<string>F02473FA1CA57E7A0049DB21</string>
				<string>F024740F1CA57E7A0049DB21</string>
				<string>F024741A1CA57E7A0049DB21</string>
				<string>F02473F91CA57E7A0049DB21</string>
				<string>01B43A521A5C598FF1B22946</string>
				<string>94C6A896EE73ED6CDB3A69D7</string>
			</array>
			<key>isa</key>
			<string>PBXGroup</string>
			<key>sourceTree</key>
			<string>&lt;group&gt;</string>
		</dict>
		<key>F02473F01CA57E7A0049DB21</key>
		<dict>
			<key>attributes</key>
			<dict>
				<key>LastSwiftUpdateCheck</key>
				<string>0730</string>
				<key>LastUpgradeCheck</key>
				<string>0720</string>
				<key>ORGANIZATIONNAME</key>
				<string>&#29579;&#25391;&#23431;</string>
				<key>TargetAttributes</key>
				<dict>
					<key>F02473F71CA57E7A0049DB21</key>
					<dict>
						<key>CreatedOnToolsVersion</key>
						<string>7.2.1</string>
						<key>DevelopmentTeam</key>
						<string>2C4PYBTY58</string>
					</dict>
					<key>F024740B1CA57E7A0049DB21</key>
					<dict>
						<key>CreatedOnToolsVersion</key>
						<string>7.2.1</string>
						<key>DevelopmentTeam</key>
						<string>2C4PYBTY58</string>
						<key>TestTargetID</key>
						<string>F02473F71CA57E7A0049DB21</string>
					</dict>
					<key>F02474161CA57E7A0049DB21</key>
					<dict>
						<key>CreatedOnToolsVersion</key>
						<string>7.2.1</string>
						<key>DevelopmentTeam</key>
						<string>2C4PYBTY58</string>
						<key>TestTargetID</key>
						<string>F02473F71CA57E7A0049DB21</string>
					</dict>
				</dict>
			</dict>
			<key>buildConfigurationList</key>
			<string>F02473F31CA57E7A0049DB21</string>
			<key>compatibilityVersion</key>
			<string>Xcode 3.2</string>
			<key>developmentRegion</key>
			<string>English</string>
			<key>hasScannedForEncodings</key>
			<string>0</string>
			<key>isa</key>
			<string>PBXProject</string>
			<key>knownRegions</key>
			<array>
				<string>en</string>
				<string>Base</string>
			</array>
			<key>mainGroup</key>
			<string>F02473EF1CA57E7A0049DB21</string>
			<key>productRefGroup</key>
			<string>F02473F91CA57E7A0049DB21</string>
			<key>projectDirPath</key>
			<string></string>
			<key>projectReferences</key>
			<array/>
			<key>projectRoot</key>
			<string></string>
			<key>targets</key>
			<array>
				<string>F02473F71CA57E7A0049DB21</string>
				<string>F024740B1CA57E7A0049DB21</string>
				<string>F02474161CA57E7A0049DB21</string>
			</array>
		</dict>
		<key>F02473F31CA57E7A0049DB21</key>
		<dict>
			<key>buildConfigurations</key>
			<array>
				<string>F024741E1CA57E7A0049DB21</string>
				<string>F024741F1CA57E7A0049DB21</string>
			</array>
			<key>defaultConfigurationIsVisible</key>
			<string>0</string>
			<key>defaultConfigurationName</key>
			<string>Release</string>
			<key>isa</key>
			<string>XCConfigurationList</string>
		</dict>
		<key>F02473F41CA57E7A0049DB21</key>
		<dict>
			<key>buildActionMask</key>
			<string>2147483647</string>
			<key>files</key>
			<array>
				<string>F0B1B65F1CAFD6FC00286EE7</string>
				<string>F0379FB61CAAD2630082584E</string>
				<string>F024742B1CA61A040049DB21</string>
				<string>F02474341CA621D10049DB21</string>
				<string>F06436751CB0DB3C005720AB</string>
				<string>F02473FC1CA57E7A0049DB21</string>
				<string>F02AA71C1CA7784D008ED176</string>
				<string>F02AA7221CA79361008ED176</string>
				<string>F0E8B0EC1CB3FCB3001C702F</string>
				<string>F0E4F0491CA9704A00DA6A28</string>
				<string>F86587B51CA8EFF000000063</string>
				<string>F0E8B0EE1CB4097F001C702F</string>
				<string>F06436711CB0D53F005720AB</string>
				<string>F89C04951CAA554100308952</string>
				<string>F02AA7251CA7EBE6008ED176</string>
				<string>F02AA71F1CA78EBE008ED176</string>
				<string>F02474381CA6222D0049DB21</string>
				<string>F02AA7291CA7ECD5008ED176</string>
				<string>F0B1B65D1CAF8CF300286EE7</string>
				<string>F024742F1CA6210E0049DB21</string>
				<string>F89C04971CAA572F00308952</string>
			</array>
			<key>isa</key>
			<string>PBXSourcesBuildPhase</string>
			<key>runOnlyForDeploymentPostprocessing</key>
			<string>0</string>
		</dict>
		<key>F02473F51CA57E7A0049DB21</key>
		<dict>
			<key>buildActionMask</key>
			<string>2147483647</string>
			<key>files</key>
			<array>
				<string>EBA1498474E73C8B3DA2E61C</string>
			</array>
			<key>isa</key>
			<string>PBXFrameworksBuildPhase</string>
			<key>runOnlyForDeploymentPostprocessing</key>
			<string>0</string>
		</dict>
		<key>F02473F61CA57E7A0049DB21</key>
		<dict>
			<key>buildActionMask</key>
			<string>2147483647</string>
			<key>files</key>
			<array>
				<string>F02474061CA57E7A0049DB21</string>
				<string>F02474031CA57E7A0049DB21</string>
				<string>F06436731CB0D574005720AB</string>
				<string>F024743A1CA6224E0049DB21</string>
				<string>F89C049B1CAA66A400308952</string>
				<string>F86587B81CA9079500000063</string>
				<string>F02474011CA57E7A0049DB21</string>
			</array>
			<key>isa</key>
			<string>PBXResourcesBuildPhase</string>
			<key>runOnlyForDeploymentPostprocessing</key>
			<string>0</string>
		</dict>
		<key>F02473F71CA57E7A0049DB21</key>
		<dict>
			<key>buildConfigurationList</key>
			<string>F02474201CA57E7A0049DB21</string>
			<key>buildPhases</key>
			<array>
				<string>8601DD708E98C2386B24E1C1</string>
				<string>F02473F41CA57E7A0049DB21</string>
				<string>F02473F51CA57E7A0049DB21</string>
				<string>F02473F61CA57E7A0049DB21</string>
				<string>6DC6267DA9C6EFF2E3511A86</string>
				<string>D5E77C20438A7E4F2C60D65C</string>
			</array>
			<key>buildRules</key>
			<array/>
			<key>dependencies</key>
			<array/>
			<key>isa</key>
			<string>PBXNativeTarget</string>
			<key>name</key>
			<string>Universe</string>
			<key>productName</key>
			<string>Universe</string>
			<key>productReference</key>
			<string>F02473F81CA57E7A0049DB21</string>
			<key>productType</key>
			<string>com.apple.product-type.application</string>
		</dict>
		<key>F02473F81CA57E7A0049DB21</key>
		<dict>
			<key>explicitFileType</key>
			<string>wrapper.application</string>
			<key>includeInIndex</key>
			<string>0</string>
			<key>isa</key>
			<string>PBXFileReference</string>
			<key>path</key>
			<string>Universe.app</string>
			<key>sourceTree</key>
			<string>BUILT_PRODUCTS_DIR</string>
		</dict>
		<key>F02473F91CA57E7A0049DB21</key>
		<dict>
			<key>children</key>
			<array>
				<string>F02473F81CA57E7A0049DB21</string>
				<string>F024740C1CA57E7A0049DB21</string>
				<string>F02474171CA57E7A0049DB21</string>
			</array>
			<key>isa</key>
			<string>PBXGroup</string>
			<key>name</key>
			<string>Products</string>
			<key>sourceTree</key>
			<string>&lt;group&gt;</string>
		</dict>
		<key>F02473FA1CA57E7A0049DB21</key>
		<dict>
			<key>children</key>
			<array>
				<string>F02473FB1CA57E7A0049DB21</string>
				<string>F86587BD1CAA4CE700000063</string>
				<string>F86587B61CA9078600000063</string>
				<string>F86587B11CA8EFB500000063</string>
				<string>F02AA71D1CA78DE4008ED176</string>
				<string>F02AA7191CA77821008ED176</string>
				<string>F02474351CA621FC0049DB21</string>
				<string>F02474291CA619960049DB21</string>
				<string>F89C04911CAA54E700308952</string>
				<string>F02473FF1CA57E7A0049DB21</string>
				<string>F0BA88901CA682B100210DE7</string>
			</array>
			<key>isa</key>
			<string>PBXGroup</string>
			<key>path</key>
			<string>Universe</string>
			<key>sourceTree</key>
			<string>&lt;group&gt;</string>
		</dict>
		<key>F02473FB1CA57E7A0049DB21</key>
		<dict>
			<key>isa</key>
			<string>PBXFileReference</string>
			<key>lastKnownFileType</key>
			<string>sourcecode.swift</string>
			<key>path</key>
			<string>AppDelegate.swift</string>
			<key>sourceTree</key>
			<string>&lt;group&gt;</string>
		</dict>
		<key>F02473FC1CA57E7A0049DB21</key>
		<dict>
			<key>fileRef</key>
			<string>F02473FB1CA57E7A0049DB21</string>
			<key>isa</key>
			<string>PBXBuildFile</string>
		</dict>
		<key>F02473FF1CA57E7A0049DB21</key>
		<dict>
			<key>children</key>
			<array>
				<string>F02474001CA57E7A0049DB21</string>
			</array>
			<key>isa</key>
			<string>PBXVariantGroup</string>
			<key>name</key>
			<string>Main.storyboard</string>
			<key>sourceTree</key>
			<string>&lt;group&gt;</string>
		</dict>
		<key>F02474001CA57E7A0049DB21</key>
		<dict>
			<key>isa</key>
			<string>PBXFileReference</string>
			<key>lastKnownFileType</key>
			<string>file.storyboard</string>
			<key>name</key>
			<string>Base</string>
			<key>path</key>
			<string>Base.lproj/Main.storyboard</string>
			<key>sourceTree</key>
			<string>&lt;group&gt;</string>
		</dict>
		<key>F02474011CA57E7A0049DB21</key>
		<dict>
			<key>fileRef</key>
			<string>F02473FF1CA57E7A0049DB21</string>
			<key>isa</key>
			<string>PBXBuildFile</string>
		</dict>
		<key>F02474021CA57E7A0049DB21</key>
		<dict>
			<key>isa</key>
			<string>PBXFileReference</string>
			<key>lastKnownFileType</key>
			<string>folder.assetcatalog</string>
			<key>path</key>
			<string>Assets.xcassets</string>
			<key>sourceTree</key>
			<string>&lt;group&gt;</string>
		</dict>
		<key>F02474031CA57E7A0049DB21</key>
		<dict>
			<key>fileRef</key>
			<string>F02474021CA57E7A0049DB21</string>
			<key>isa</key>
			<string>PBXBuildFile</string>
		</dict>
		<key>F02474041CA57E7A0049DB21</key>
		<dict>
			<key>children</key>
			<array>
				<string>F02474051CA57E7A0049DB21</string>
			</array>
			<key>isa</key>
			<string>PBXVariantGroup</string>
			<key>name</key>
			<string>LaunchScreen.storyboard</string>
			<key>sourceTree</key>
			<string>&lt;group&gt;</string>
		</dict>
		<key>F02474051CA57E7A0049DB21</key>
		<dict>
			<key>isa</key>
			<string>PBXFileReference</string>
			<key>lastKnownFileType</key>
			<string>file.storyboard</string>
			<key>name</key>
			<string>Base</string>
			<key>path</key>
			<string>Base.lproj/LaunchScreen.storyboard</string>
			<key>sourceTree</key>
			<string>&lt;group&gt;</string>
		</dict>
		<key>F02474061CA57E7A0049DB21</key>
		<dict>
			<key>fileRef</key>
			<string>F02474041CA57E7A0049DB21</string>
			<key>isa</key>
			<string>PBXBuildFile</string>
		</dict>
		<key>F02474071CA57E7A0049DB21</key>
		<dict>
			<key>isa</key>
			<string>PBXFileReference</string>
			<key>lastKnownFileType</key>
			<string>text.plist.xml</string>
			<key>path</key>
			<string>Info.plist</string>
			<key>sourceTree</key>
			<string>&lt;group&gt;</string>
		</dict>
		<key>F02474081CA57E7A0049DB21</key>
		<dict>
			<key>buildActionMask</key>
			<string>2147483647</string>
			<key>files</key>
			<array>
				<string>F02474111CA57E7A0049DB21</string>
			</array>
			<key>isa</key>
			<string>PBXSourcesBuildPhase</string>
			<key>runOnlyForDeploymentPostprocessing</key>
			<string>0</string>
		</dict>
		<key>F02474091CA57E7A0049DB21</key>
		<dict>
			<key>buildActionMask</key>
			<string>2147483647</string>
			<key>files</key>
			<array/>
			<key>isa</key>
			<string>PBXFrameworksBuildPhase</string>
			<key>runOnlyForDeploymentPostprocessing</key>
			<string>0</string>
		</dict>
		<key>F024740A1CA57E7A0049DB21</key>
		<dict>
			<key>buildActionMask</key>
			<string>2147483647</string>
			<key>files</key>
			<array/>
			<key>isa</key>
			<string>PBXResourcesBuildPhase</string>
			<key>runOnlyForDeploymentPostprocessing</key>
			<string>0</string>
		</dict>
		<key>F024740B1CA57E7A0049DB21</key>
		<dict>
			<key>buildConfigurationList</key>
			<string>F02474231CA57E7A0049DB21</string>
			<key>buildPhases</key>
			<array>
				<string>F02474081CA57E7A0049DB21</string>
				<string>F02474091CA57E7A0049DB21</string>
				<string>F024740A1CA57E7A0049DB21</string>
			</array>
			<key>buildRules</key>
			<array/>
			<key>dependencies</key>
			<array>
				<string>F024740E1CA57E7A0049DB21</string>
			</array>
			<key>isa</key>
			<string>PBXNativeTarget</string>
			<key>name</key>
			<string>UniverseTests</string>
			<key>productName</key>
			<string>UniverseTests</string>
			<key>productReference</key>
			<string>F024740C1CA57E7A0049DB21</string>
			<key>productType</key>
			<string>com.apple.product-type.bundle.unit-test</string>
		</dict>
		<key>F024740C1CA57E7A0049DB21</key>
		<dict>
			<key>explicitFileType</key>
			<string>wrapper.cfbundle</string>
			<key>includeInIndex</key>
			<string>0</string>
			<key>isa</key>
			<string>PBXFileReference</string>
			<key>path</key>
			<string>UniverseTests.xctest</string>
			<key>sourceTree</key>
			<string>BUILT_PRODUCTS_DIR</string>
		</dict>
		<key>F024740D1CA57E7A0049DB21</key>
		<dict>
			<key>containerPortal</key>
			<string>F02473F01CA57E7A0049DB21</string>
			<key>isa</key>
			<string>PBXContainerItemProxy</string>
			<key>proxyType</key>
			<string>1</string>
			<key>remoteGlobalIDString</key>
			<string>F02473F71CA57E7A0049DB21</string>
			<key>remoteInfo</key>
			<string>Universe</string>
		</dict>
		<key>F024740E1CA57E7A0049DB21</key>
		<dict>
			<key>isa</key>
			<string>PBXTargetDependency</string>
			<key>target</key>
			<string>F02473F71CA57E7A0049DB21</string>
			<key>targetProxy</key>
			<string>F024740D1CA57E7A0049DB21</string>
		</dict>
		<key>F024740F1CA57E7A0049DB21</key>
		<dict>
			<key>children</key>
			<array>
				<string>F02474101CA57E7A0049DB21</string>
				<string>F02474121CA57E7A0049DB21</string>
			</array>
			<key>isa</key>
			<string>PBXGroup</string>
			<key>path</key>
			<string>UniverseTests</string>
			<key>sourceTree</key>
			<string>&lt;group&gt;</string>
		</dict>
		<key>F02474101CA57E7A0049DB21</key>
		<dict>
			<key>isa</key>
			<string>PBXFileReference</string>
			<key>lastKnownFileType</key>
			<string>sourcecode.swift</string>
			<key>path</key>
			<string>UniverseTests.swift</string>
			<key>sourceTree</key>
			<string>&lt;group&gt;</string>
		</dict>
		<key>F02474111CA57E7A0049DB21</key>
		<dict>
			<key>fileRef</key>
			<string>F02474101CA57E7A0049DB21</string>
			<key>isa</key>
			<string>PBXBuildFile</string>
		</dict>
		<key>F02474121CA57E7A0049DB21</key>
		<dict>
			<key>isa</key>
			<string>PBXFileReference</string>
			<key>lastKnownFileType</key>
			<string>text.plist.xml</string>
			<key>path</key>
			<string>Info.plist</string>
			<key>sourceTree</key>
			<string>&lt;group&gt;</string>
		</dict>
		<key>F02474131CA57E7A0049DB21</key>
		<dict>
			<key>buildActionMask</key>
			<string>2147483647</string>
			<key>files</key>
			<array>
				<string>F024741C1CA57E7A0049DB21</string>
			</array>
			<key>isa</key>
			<string>PBXSourcesBuildPhase</string>
			<key>runOnlyForDeploymentPostprocessing</key>
			<string>0</string>
		</dict>
		<key>F02474141CA57E7A0049DB21</key>
		<dict>
			<key>buildActionMask</key>
			<string>2147483647</string>
			<key>files</key>
			<array/>
			<key>isa</key>
			<string>PBXFrameworksBuildPhase</string>
			<key>runOnlyForDeploymentPostprocessing</key>
			<string>0</string>
		</dict>
		<key>F02474151CA57E7A0049DB21</key>
		<dict>
			<key>buildActionMask</key>
			<string>2147483647</string>
			<key>files</key>
			<array/>
			<key>isa</key>
			<string>PBXResourcesBuildPhase</string>
			<key>runOnlyForDeploymentPostprocessing</key>
			<string>0</string>
		</dict>
		<key>F02474161CA57E7A0049DB21</key>
		<dict>
			<key>buildConfigurationList</key>
			<string>F02474261CA57E7A0049DB21</string>
			<key>buildPhases</key>
			<array>
				<string>F02474131CA57E7A0049DB21</string>
				<string>F02474141CA57E7A0049DB21</string>
				<string>F02474151CA57E7A0049DB21</string>
			</array>
			<key>buildRules</key>
			<array/>
			<key>dependencies</key>
			<array>
				<string>F02474191CA57E7A0049DB21</string>
			</array>
			<key>isa</key>
			<string>PBXNativeTarget</string>
			<key>name</key>
			<string>UniverseUITests</string>
			<key>productName</key>
			<string>UniverseUITests</string>
			<key>productReference</key>
			<string>F02474171CA57E7A0049DB21</string>
			<key>productType</key>
			<string>com.apple.product-type.bundle.ui-testing</string>
		</dict>
		<key>F02474171CA57E7A0049DB21</key>
		<dict>
			<key>explicitFileType</key>
			<string>wrapper.cfbundle</string>
			<key>includeInIndex</key>
			<string>0</string>
			<key>isa</key>
			<string>PBXFileReference</string>
			<key>path</key>
			<string>UniverseUITests.xctest</string>
			<key>sourceTree</key>
			<string>BUILT_PRODUCTS_DIR</string>
		</dict>
		<key>F02474181CA57E7A0049DB21</key>
		<dict>
			<key>containerPortal</key>
			<string>F02473F01CA57E7A0049DB21</string>
			<key>isa</key>
			<string>PBXContainerItemProxy</string>
			<key>proxyType</key>
			<string>1</string>
			<key>remoteGlobalIDString</key>
			<string>F02473F71CA57E7A0049DB21</string>
			<key>remoteInfo</key>
			<string>Universe</string>
		</dict>
		<key>F02474191CA57E7A0049DB21</key>
		<dict>
			<key>isa</key>
			<string>PBXTargetDependency</string>
			<key>target</key>
			<string>F02473F71CA57E7A0049DB21</string>
			<key>targetProxy</key>
			<string>F02474181CA57E7A0049DB21</string>
		</dict>
		<key>F024741A1CA57E7A0049DB21</key>
		<dict>
			<key>children</key>
			<array>
				<string>F024741B1CA57E7A0049DB21</string>
				<string>F024741D1CA57E7A0049DB21</string>
			</array>
			<key>isa</key>
			<string>PBXGroup</string>
			<key>path</key>
			<string>UniverseUITests</string>
			<key>sourceTree</key>
			<string>&lt;group&gt;</string>
		</dict>
		<key>F024741B1CA57E7A0049DB21</key>
		<dict>
			<key>isa</key>
			<string>PBXFileReference</string>
			<key>lastKnownFileType</key>
			<string>sourcecode.swift</string>
			<key>path</key>
			<string>UniverseUITests.swift</string>
			<key>sourceTree</key>
			<string>&lt;group&gt;</string>
		</dict>
		<key>F024741C1CA57E7A0049DB21</key>
		<dict>
			<key>fileRef</key>
			<string>F024741B1CA57E7A0049DB21</string>
			<key>isa</key>
			<string>PBXBuildFile</string>
		</dict>
		<key>F024741D1CA57E7A0049DB21</key>
		<dict>
			<key>isa</key>
			<string>PBXFileReference</string>
			<key>lastKnownFileType</key>
			<string>text.plist.xml</string>
			<key>path</key>
			<string>Info.plist</string>
			<key>sourceTree</key>
			<string>&lt;group&gt;</string>
		</dict>
		<key>F024741E1CA57E7A0049DB21</key>
		<dict>
			<key>buildSettings</key>
			<dict>
				<key>ALWAYS_SEARCH_USER_PATHS</key>
				<string>NO</string>
				<key>CLANG_CXX_LANGUAGE_STANDARD</key>
				<string>gnu++0x</string>
				<key>CLANG_CXX_LIBRARY</key>
				<string>libc++</string>
				<key>CLANG_ENABLE_MODULES</key>
				<string>YES</string>
				<key>CLANG_ENABLE_OBJC_ARC</key>
				<string>YES</string>
				<key>CLANG_WARN_BOOL_CONVERSION</key>
				<string>YES</string>
				<key>CLANG_WARN_CONSTANT_CONVERSION</key>
				<string>YES</string>
				<key>CLANG_WARN_DIRECT_OBJC_ISA_USAGE</key>
				<string>YES_ERROR</string>
				<key>CLANG_WARN_EMPTY_BODY</key>
				<string>YES</string>
				<key>CLANG_WARN_ENUM_CONVERSION</key>
				<string>YES</string>
				<key>CLANG_WARN_INT_CONVERSION</key>
				<string>YES</string>
				<key>CLANG_WARN_OBJC_ROOT_CLASS</key>
				<string>YES_ERROR</string>
				<key>CLANG_WARN_UNREACHABLE_CODE</key>
				<string>YES</string>
				<key>CLANG_WARN__DUPLICATE_METHOD_MATCH</key>
				<string>YES</string>
				<key>CODE_SIGN_IDENTITY[sdk=iphoneos*]</key>
				<string>iPhone Developer</string>
				<key>COPY_PHASE_STRIP</key>
				<string>NO</string>
				<key>DEBUG_INFORMATION_FORMAT</key>
				<string>dwarf</string>
				<key>ENABLE_STRICT_OBJC_MSGSEND</key>
				<string>YES</string>
				<key>ENABLE_TESTABILITY</key>
				<string>YES</string>
				<key>GCC_C_LANGUAGE_STANDARD</key>
				<string>gnu99</string>
				<key>GCC_DYNAMIC_NO_PIC</key>
				<string>NO</string>
				<key>GCC_NO_COMMON_BLOCKS</key>
				<string>YES</string>
				<key>GCC_OPTIMIZATION_LEVEL</key>
				<string>0</string>
				<key>GCC_PREPROCESSOR_DEFINITIONS</key>
				<array>
					<string>DEBUG=1</string>
					<string>$(inherited)</string>
				</array>
				<key>GCC_WARN_64_TO_32_BIT_CONVERSION</key>
				<string>YES</string>
				<key>GCC_WARN_ABOUT_RETURN_TYPE</key>
				<string>YES_ERROR</string>
				<key>GCC_WARN_UNDECLARED_SELECTOR</key>
				<string>YES</string>
				<key>GCC_WARN_UNINITIALIZED_AUTOS</key>
				<string>YES_AGGRESSIVE</string>
				<key>GCC_WARN_UNUSED_FUNCTION</key>
				<string>YES</string>
				<key>GCC_WARN_UNUSED_VARIABLE</key>
				<string>YES</string>
				<key>IPHONEOS_DEPLOYMENT_TARGET</key>
				<string>9.2</string>
				<key>MTL_ENABLE_DEBUG_INFO</key>
				<string>YES</string>
				<key>ONLY_ACTIVE_ARCH</key>
				<string>YES</string>
				<key>SDKROOT</key>
				<string>iphoneos</string>
				<key>SWIFT_OPTIMIZATION_LEVEL</key>
				<string>-Onone</string>
				<key>TARGETED_DEVICE_FAMILY</key>
				<string>1,2</string>
			</dict>
			<key>isa</key>
			<string>XCBuildConfiguration</string>
			<key>name</key>
			<string>Debug</string>
		</dict>
		<key>F024741F1CA57E7A0049DB21</key>
		<dict>
			<key>buildSettings</key>
			<dict>
				<key>ALWAYS_SEARCH_USER_PATHS</key>
				<string>NO</string>
				<key>CLANG_CXX_LANGUAGE_STANDARD</key>
				<string>gnu++0x</string>
				<key>CLANG_CXX_LIBRARY</key>
				<string>libc++</string>
				<key>CLANG_ENABLE_MODULES</key>
				<string>YES</string>
				<key>CLANG_ENABLE_OBJC_ARC</key>
				<string>YES</string>
				<key>CLANG_WARN_BOOL_CONVERSION</key>
				<string>YES</string>
				<key>CLANG_WARN_CONSTANT_CONVERSION</key>
				<string>YES</string>
				<key>CLANG_WARN_DIRECT_OBJC_ISA_USAGE</key>
				<string>YES_ERROR</string>
				<key>CLANG_WARN_EMPTY_BODY</key>
				<string>YES</string>
				<key>CLANG_WARN_ENUM_CONVERSION</key>
				<string>YES</string>
				<key>CLANG_WARN_INT_CONVERSION</key>
				<string>YES</string>
				<key>CLANG_WARN_OBJC_ROOT_CLASS</key>
				<string>YES_ERROR</string>
				<key>CLANG_WARN_UNREACHABLE_CODE</key>
				<string>YES</string>
				<key>CLANG_WARN__DUPLICATE_METHOD_MATCH</key>
				<string>YES</string>
				<key>CODE_SIGN_IDENTITY[sdk=iphoneos*]</key>
				<string>iPhone Developer</string>
				<key>COPY_PHASE_STRIP</key>
				<string>NO</string>
				<key>DEBUG_INFORMATION_FORMAT</key>
				<string>dwarf-with-dsym</string>
				<key>ENABLE_NS_ASSERTIONS</key>
				<string>NO</string>
				<key>ENABLE_STRICT_OBJC_MSGSEND</key>
				<string>YES</string>
				<key>GCC_C_LANGUAGE_STANDARD</key>
				<string>gnu99</string>
				<key>GCC_NO_COMMON_BLOCKS</key>
				<string>YES</string>
				<key>GCC_WARN_64_TO_32_BIT_CONVERSION</key>
				<string>YES</string>
				<key>GCC_WARN_ABOUT_RETURN_TYPE</key>
				<string>YES_ERROR</string>
				<key>GCC_WARN_UNDECLARED_SELECTOR</key>
				<string>YES</string>
				<key>GCC_WARN_UNINITIALIZED_AUTOS</key>
				<string>YES_AGGRESSIVE</string>
				<key>GCC_WARN_UNUSED_FUNCTION</key>
				<string>YES</string>
				<key>GCC_WARN_UNUSED_VARIABLE</key>
				<string>YES</string>
				<key>IPHONEOS_DEPLOYMENT_TARGET</key>
				<string>9.2</string>
				<key>MTL_ENABLE_DEBUG_INFO</key>
				<string>NO</string>
				<key>SDKROOT</key>
				<string>iphoneos</string>
				<key>TARGETED_DEVICE_FAMILY</key>
				<string>1,2</string>
				<key>VALIDATE_PRODUCT</key>
				<string>YES</string>
			</dict>
			<key>isa</key>
			<string>XCBuildConfiguration</string>
			<key>name</key>
			<string>Release</string>
		</dict>
		<key>F02474201CA57E7A0049DB21</key>
		<dict>
			<key>buildConfigurations</key>
			<array>
				<string>F02474211CA57E7A0049DB21</string>
				<string>F02474221CA57E7A0049DB21</string>
			</array>
			<key>defaultConfigurationIsVisible</key>
			<string>0</string>
			<key>defaultConfigurationName</key>
			<string>Release</string>
			<key>isa</key>
			<string>XCConfigurationList</string>
		</dict>
		<key>F02474211CA57E7A0049DB21</key>
		<dict>
			<key>baseConfigurationReference</key>
			<string>ECE2A5F482C85339E0C06553</string>
			<key>buildSettings</key>
			<dict>
				<key>ASSETCATALOG_COMPILER_APPICON_NAME</key>
				<string>AppIcon</string>
				<key>ASSETCATALOG_COMPILER_LAUNCHIMAGE_NAME</key>
				<string>LaunchImage</string>
				<key>CLANG_ENABLE_MODULES</key>
				<string>YES</string>
				<key>INFOPLIST_FILE</key>
				<string>Universe/Info.plist</string>
				<key>LD_RUNPATH_SEARCH_PATHS</key>
				<string>$(inherited) @executable_path/Frameworks</string>
				<key>PRODUCT_BUNDLE_IDENTIFIER</key>
				<string>mazingwang.OMG.com.Universe</string>
				<key>PRODUCT_NAME</key>
				<string>$(TARGET_NAME)</string>
				<key>SWIFT_OBJC_BRIDGING_HEADER</key>
				<string>Universe/Universe-Bridging-Header.h</string>
				<key>SWIFT_OPTIMIZATION_LEVEL</key>
				<string>-Onone</string>
				<key>USER_HEADER_SEARCH_PATHS</key>
				<string>${SRCROOT}/**</string>
			</dict>
			<key>isa</key>
			<string>XCBuildConfiguration</string>
			<key>name</key>
			<string>Debug</string>
		</dict>
		<key>F02474221CA57E7A0049DB21</key>
		<dict>
			<key>baseConfigurationReference</key>
			<string>9E23C2195779FAA656A31D7F</string>
			<key>buildSettings</key>
			<dict>
				<key>ASSETCATALOG_COMPILER_APPICON_NAME</key>
				<string>AppIcon</string>
				<key>ASSETCATALOG_COMPILER_LAUNCHIMAGE_NAME</key>
				<string>LaunchImage</string>
				<key>CLANG_ENABLE_MODULES</key>
				<string>YES</string>
				<key>INFOPLIST_FILE</key>
				<string>Universe/Info.plist</string>
				<key>LD_RUNPATH_SEARCH_PATHS</key>
				<string>$(inherited) @executable_path/Frameworks</string>
				<key>PRODUCT_BUNDLE_IDENTIFIER</key>
				<string>mazingwang.OMG.com.Universe</string>
				<key>PRODUCT_NAME</key>
				<string>$(TARGET_NAME)</string>
				<key>SWIFT_OBJC_BRIDGING_HEADER</key>
				<string>Universe/Universe-Bridging-Header.h</string>
				<key>USER_HEADER_SEARCH_PATHS</key>
				<string>${SRCROOT}/**</string>
			</dict>
			<key>isa</key>
			<string>XCBuildConfiguration</string>
			<key>name</key>
			<string>Release</string>
		</dict>
		<key>F02474231CA57E7A0049DB21</key>
		<dict>
			<key>buildConfigurations</key>
			<array>
				<string>F02474241CA57E7A0049DB21</string>
				<string>F02474251CA57E7A0049DB21</string>
			</array>
			<key>defaultConfigurationIsVisible</key>
			<string>0</string>
			<key>defaultConfigurationName</key>
			<string>Release</string>
			<key>isa</key>
			<string>XCConfigurationList</string>
		</dict>
		<key>F02474241CA57E7A0049DB21</key>
		<dict>
			<key>buildSettings</key>
			<dict>
				<key>BUNDLE_LOADER</key>
				<string>$(TEST_HOST)</string>
				<key>INFOPLIST_FILE</key>
				<string>UniverseTests/Info.plist</string>
				<key>LD_RUNPATH_SEARCH_PATHS</key>
				<string>$(inherited) @executable_path/Frameworks @loader_path/Frameworks</string>
				<key>PRODUCT_BUNDLE_IDENTIFIER</key>
				<string>mazingwang.OMG.com.UniverseTests</string>
				<key>PRODUCT_NAME</key>
				<string>$(TARGET_NAME)</string>
				<key>TEST_HOST</key>
				<string>$(BUILT_PRODUCTS_DIR)/Universe.app/Universe</string>
			</dict>
			<key>isa</key>
			<string>XCBuildConfiguration</string>
			<key>name</key>
			<string>Debug</string>
		</dict>
		<key>F02474251CA57E7A0049DB21</key>
		<dict>
			<key>buildSettings</key>
			<dict>
				<key>BUNDLE_LOADER</key>
				<string>$(TEST_HOST)</string>
				<key>INFOPLIST_FILE</key>
				<string>UniverseTests/Info.plist</string>
				<key>LD_RUNPATH_SEARCH_PATHS</key>
				<string>$(inherited) @executable_path/Frameworks @loader_path/Frameworks</string>
				<key>PRODUCT_BUNDLE_IDENTIFIER</key>
				<string>mazingwang.OMG.com.UniverseTests</string>
				<key>PRODUCT_NAME</key>
				<string>$(TARGET_NAME)</string>
				<key>TEST_HOST</key>
				<string>$(BUILT_PRODUCTS_DIR)/Universe.app/Universe</string>
			</dict>
			<key>isa</key>
			<string>XCBuildConfiguration</string>
			<key>name</key>
			<string>Release</string>
		</dict>
		<key>F02474261CA57E7A0049DB21</key>
		<dict>
			<key>buildConfigurations</key>
			<array>
				<string>F02474271CA57E7A0049DB21</string>
				<string>F02474281CA57E7A0049DB21</string>
			</array>
			<key>defaultConfigurationIsVisible</key>
			<string>0</string>
			<key>defaultConfigurationName</key>
			<string>Release</string>
			<key>isa</key>
			<string>XCConfigurationList</string>
		</dict>
		<key>F02474271CA57E7A0049DB21</key>
		<dict>
			<key>buildSettings</key>
			<dict>
				<key>INFOPLIST_FILE</key>
				<string>UniverseUITests/Info.plist</string>
				<key>LD_RUNPATH_SEARCH_PATHS</key>
				<string>$(inherited) @executable_path/Frameworks @loader_path/Frameworks</string>
				<key>PRODUCT_BUNDLE_IDENTIFIER</key>
				<string>mazingwang.OMG.com.UniverseUITests</string>
				<key>PRODUCT_NAME</key>
				<string>$(TARGET_NAME)</string>
				<key>TEST_TARGET_NAME</key>
				<string>Universe</string>
				<key>USES_XCTRUNNER</key>
				<string>YES</string>
			</dict>
			<key>isa</key>
			<string>XCBuildConfiguration</string>
			<key>name</key>
			<string>Debug</string>
		</dict>
		<key>F02474281CA57E7A0049DB21</key>
		<dict>
			<key>buildSettings</key>
			<dict>
				<key>INFOPLIST_FILE</key>
				<string>UniverseUITests/Info.plist</string>
				<key>LD_RUNPATH_SEARCH_PATHS</key>
				<string>$(inherited) @executable_path/Frameworks @loader_path/Frameworks</string>
				<key>PRODUCT_BUNDLE_IDENTIFIER</key>
				<string>mazingwang.OMG.com.UniverseUITests</string>
				<key>PRODUCT_NAME</key>
				<string>$(TARGET_NAME)</string>
				<key>TEST_TARGET_NAME</key>
				<string>Universe</string>
				<key>USES_XCTRUNNER</key>
				<string>YES</string>
			</dict>
			<key>isa</key>
			<string>XCBuildConfiguration</string>
			<key>name</key>
			<string>Release</string>
		</dict>
		<key>F02474291CA619960049DB21</key>
		<dict>
			<key>children</key>
			<array>
				<string>F024742A1CA61A040049DB21</string>
				<string>F0379FB41CAAD2420082584E</string>
				<string>F0E4F0471CA9701200DA6A28</string>
				<string>F024742D1CA6206A0049DB21</string>
				<string>F02474301CA621780049DB21</string>
				<string>F024742C1CA6205F0049DB21</string>
				<string>F02AA7231CA7EAFB008ED176</string>
			</array>
			<key>isa</key>
			<string>PBXGroup</string>
			<key>name</key>
			<string>ViewControllers</string>
			<key>sourceTree</key>
			<string>&lt;group&gt;</string>
		</dict>
		<key>F024742A1CA61A040049DB21</key>
		<dict>
			<key>fileEncoding</key>
			<string>4</string>
			<key>isa</key>
			<string>PBXFileReference</string>
			<key>lastKnownFileType</key>
			<string>sourcecode.swift</string>
			<key>name</key>
			<string>MainViewController.swift</string>
			<key>path</key>
			<string>ViewControllers/MainViewController.swift</string>
			<key>sourceTree</key>
			<string>&lt;group&gt;</string>
		</dict>
		<key>F024742B1CA61A040049DB21</key>
		<dict>
			<key>fileRef</key>
			<string>F024742A1CA61A040049DB21</string>
			<key>isa</key>
			<string>PBXBuildFile</string>
		</dict>
		<key>F024742C1CA6205F0049DB21</key>
		<dict>
			<key>children</key>
			<array/>
			<key>isa</key>
			<string>PBXGroup</string>
			<key>name</key>
			<string>FreePattern</string>
			<key>sourceTree</key>
			<string>&lt;group&gt;</string>
		</dict>
		<key>F024742D1CA6206A0049DB21</key>
		<dict>
			<key>children</key>
			<array>
				<string>F024742E1CA6210E0049DB21</string>
			</array>
			<key>isa</key>
			<string>PBXGroup</string>
			<key>name</key>
			<string>PomatoPattern</string>
			<key>sourceTree</key>
			<string>&lt;group&gt;</string>
		</dict>
		<key>F024742E1CA6210E0049DB21</key>
		<dict>
			<key>fileEncoding</key>
			<string>4</string>
			<key>isa</key>
			<string>PBXFileReference</string>
			<key>lastKnownFileType</key>
			<string>sourcecode.swift</string>
			<key>name</key>
			<string>StarsViewController.swift</string>
			<key>path</key>
			<string>ViewControllers/PomatoPattern/StarsViewController.swift</string>
			<key>sourceTree</key>
			<string>&lt;group&gt;</string>
		</dict>
		<key>F024742F1CA6210E0049DB21</key>
		<dict>
			<key>fileRef</key>
			<string>F024742E1CA6210E0049DB21</string>
			<key>isa</key>
			<string>PBXBuildFile</string>
		</dict>
		<key>F02474301CA621780049DB21</key>
		<dict>
			<key>children</key>
			<array>
				<string>F02474331CA621D10049DB21</string>
			</array>
			<key>isa</key>
			<string>PBXGroup</string>
			<key>name</key>
			<string>Base</string>
			<key>sourceTree</key>
			<string>&lt;group&gt;</string>
		</dict>
		<key>F02474331CA621D10049DB21</key>
		<dict>
			<key>fileEncoding</key>
			<string>4</string>
			<key>isa</key>
			<string>PBXFileReference</string>
			<key>lastKnownFileType</key>
			<string>sourcecode.swift</string>
			<key>name</key>
			<string>BaseViewController.swift</string>
			<key>path</key>
			<string>ViewControllers/Base/BaseViewController.swift</string>
			<key>sourceTree</key>
			<string>&lt;group&gt;</string>
		</dict>
		<key>F02474341CA621D10049DB21</key>
		<dict>
			<key>fileRef</key>
			<string>F02474331CA621D10049DB21</string>
			<key>isa</key>
			<string>PBXBuildFile</string>
		</dict>
		<key>F02474351CA621FC0049DB21</key>
		<dict>
			<key>children</key>
			<array>
				<string>F0E8B0EA1CB3FC99001C702F</string>
				<string>F064366F1CB0D52B005720AB</string>
				<string>F0B1B65B1CAF8CDA00286EE7</string>
				<string>F02AA7261CA7ECA5008ED176</string>
				<string>F02474361CA622140049DB21</string>
			</array>
			<key>isa</key>
			<string>PBXGroup</string>
			<key>name</key>
			<string>Views</string>
			<key>sourceTree</key>
			<string>&lt;group&gt;</string>
		</dict>
		<key>F02474361CA622140049DB21</key>
		<dict>
			<key>children</key>
			<array>
				<string>F02474371CA6222D0049DB21</string>
				<string>F02474391CA6224E0049DB21</string>
			</array>
			<key>isa</key>
			<string>PBXGroup</string>
			<key>name</key>
			<string>StarView</string>
			<key>sourceTree</key>
			<string>&lt;group&gt;</string>
		</dict>
		<key>F02474371CA6222D0049DB21</key>
		<dict>
			<key>fileEncoding</key>
			<string>4</string>
			<key>isa</key>
			<string>PBXFileReference</string>
			<key>lastKnownFileType</key>
			<string>sourcecode.swift</string>
			<key>name</key>
			<string>StarView.swift</string>
			<key>path</key>
			<string>Views/StarView/StarView.swift</string>
			<key>sourceTree</key>
			<string>&lt;group&gt;</string>
		</dict>
		<key>F02474381CA6222D0049DB21</key>
		<dict>
			<key>fileRef</key>
			<string>F02474371CA6222D0049DB21</string>
			<key>isa</key>
			<string>PBXBuildFile</string>
		</dict>
		<key>F02474391CA6224E0049DB21</key>
		<dict>
			<key>fileEncoding</key>
			<string>4</string>
			<key>isa</key>
			<string>PBXFileReference</string>
			<key>lastKnownFileType</key>
			<string>file.xib</string>
			<key>name</key>
			<string>StarView.xib</string>
			<key>path</key>
			<string>Views/StarView/StarView.xib</string>
			<key>sourceTree</key>
			<string>&lt;group&gt;</string>
		</dict>
		<key>F024743A1CA6224E0049DB21</key>
		<dict>
			<key>fileRef</key>
			<string>F02474391CA6224E0049DB21</string>
			<key>isa</key>
			<string>PBXBuildFile</string>
		</dict>
		<key>F02AA7191CA77821008ED176</key>
		<dict>
			<key>children</key>
			<array>
				<string>F02AA7201CA79348008ED176</string>
				<string>F02AA71A1CA7782D008ED176</string>
			</array>
			<key>isa</key>
			<string>PBXGroup</string>
			<key>name</key>
			<string>Model</string>
			<key>sourceTree</key>
			<string>&lt;group&gt;</string>
		</dict>
		<key>F02AA71A1CA7782D008ED176</key>
		<dict>
			<key>children</key>
			<array>
				<string>F02AA71B1CA7784D008ED176</string>
			</array>
			<key>isa</key>
			<string>PBXGroup</string>
			<key>name</key>
			<string>Star</string>
			<key>sourceTree</key>
			<string>&lt;group&gt;</string>
		</dict>
		<key>F02AA71B1CA7784D008ED176</key>
		<dict>
			<key>fileEncoding</key>
			<string>4</string>
			<key>isa</key>
			<string>PBXFileReference</string>
			<key>lastKnownFileType</key>
			<string>sourcecode.swift</string>
			<key>name</key>
			<string>Star.swift</string>
			<key>path</key>
			<string>Model/Star/Star.swift</string>
			<key>sourceTree</key>
			<string>&lt;group&gt;</string>
		</dict>
		<key>F02AA71C1CA7784D008ED176</key>
		<dict>
			<key>fileRef</key>
			<string>F02AA71B1CA7784D008ED176</string>
			<key>isa</key>
			<string>PBXBuildFile</string>
		</dict>
		<key>F02AA71D1CA78DE4008ED176</key>
		<dict>
			<key>children</key>
			<array>
				<string>F02AA71E1CA78EBE008ED176</string>
				<string>F0B1B65E1CAFD6FC00286EE7</string>
				<string>F06436741CB0DB3C005720AB</string>
			</array>
			<key>isa</key>
			<string>PBXGroup</string>
			<key>name</key>
			<string>Helpers</string>
			<key>sourceTree</key>
			<string>&lt;group&gt;</string>
		</dict>
		<key>F02AA71E1CA78EBE008ED176</key>
		<dict>
			<key>fileEncoding</key>
			<string>4</string>
			<key>isa</key>
			<string>PBXFileReference</string>
			<key>lastKnownFileType</key>
			<string>sourcecode.swift</string>
			<key>name</key>
			<string>StarViewsControllerHelpers.swift</string>
			<key>path</key>
			<string>Helpers/StarViewsControllerHelpers.swift</string>
			<key>sourceTree</key>
			<string>&lt;group&gt;</string>
		</dict>
		<key>F02AA71F1CA78EBE008ED176</key>
		<dict>
			<key>fileRef</key>
			<string>F02AA71E1CA78EBE008ED176</string>
			<key>isa</key>
			<string>PBXBuildFile</string>
		</dict>
		<key>F02AA7201CA79348008ED176</key>
		<dict>
			<key>children</key>
			<array>
				<string>F02AA7211CA79361008ED176</string>
			</array>
			<key>isa</key>
			<string>PBXGroup</string>
			<key>name</key>
			<string>User</string>
			<key>sourceTree</key>
			<string>&lt;group&gt;</string>
		</dict>
		<key>F02AA7211CA79361008ED176</key>
		<dict>
			<key>fileEncoding</key>
			<string>4</string>
			<key>isa</key>
			<string>PBXFileReference</string>
			<key>lastKnownFileType</key>
			<string>sourcecode.swift</string>
			<key>name</key>
			<string>User.swift</string>
			<key>path</key>
			<string>Model/User/User.swift</string>
			<key>sourceTree</key>
			<string>&lt;group&gt;</string>
		</dict>
		<key>F02AA7221CA79361008ED176</key>
		<dict>
			<key>fileRef</key>
			<string>F02AA7211CA79361008ED176</string>
			<key>isa</key>
			<string>PBXBuildFile</string>
		</dict>
		<key>F02AA7231CA7EAFB008ED176</key>
		<dict>
			<key>children</key>
			<array>
				<string>F02AA7241CA7EBE6008ED176</string>
			</array>
			<key>isa</key>
			<string>PBXGroup</string>
			<key>name</key>
			<string>Setting</string>
			<key>sourceTree</key>
			<string>&lt;group&gt;</string>
		</dict>
		<key>F02AA7241CA7EBE6008ED176</key>
		<dict>
			<key>fileEncoding</key>
			<string>4</string>
			<key>isa</key>
			<string>PBXFileReference</string>
			<key>lastKnownFileType</key>
			<string>sourcecode.swift</string>
			<key>name</key>
			<string>SettingViewController.swift</string>
			<key>path</key>
			<string>ViewControllers/Setting/SettingViewController.swift</string>
			<key>sourceTree</key>
			<string>&lt;group&gt;</string>
		</dict>
		<key>F02AA7251CA7EBE6008ED176</key>
		<dict>
			<key>fileRef</key>
			<string>F02AA7241CA7EBE6008ED176</string>
			<key>isa</key>
			<string>PBXBuildFile</string>
		</dict>
		<key>F02AA7261CA7ECA5008ED176</key>
		<dict>
			<key>children</key>
			<array>
				<string>F02AA7271CA7ECAD008ED176</string>
			</array>
			<key>isa</key>
			<string>PBXGroup</string>
			<key>name</key>
			<string>Cells</string>
			<key>sourceTree</key>
			<string>&lt;group&gt;</string>
		</dict>
		<key>F02AA7271CA7ECAD008ED176</key>
		<dict>
			<key>children</key>
			<array>
				<string>F02AA7281CA7ECD5008ED176</string>
			</array>
			<key>isa</key>
			<string>PBXGroup</string>
			<key>name</key>
			<string>SettingCell</string>
			<key>sourceTree</key>
			<string>&lt;group&gt;</string>
		</dict>
		<key>F02AA7281CA7ECD5008ED176</key>
		<dict>
			<key>fileEncoding</key>
			<string>4</string>
			<key>isa</key>
			<string>PBXFileReference</string>
			<key>lastKnownFileType</key>
			<string>sourcecode.swift</string>
			<key>name</key>
			<string>SettingCell.swift</string>
			<key>path</key>
			<string>Views/Cells/SettingCell/SettingCell.swift</string>
			<key>sourceTree</key>
			<string>&lt;group&gt;</string>
		</dict>
		<key>F02AA7291CA7ECD5008ED176</key>
		<dict>
			<key>fileRef</key>
			<string>F02AA7281CA7ECD5008ED176</string>
			<key>isa</key>
			<string>PBXBuildFile</string>
		</dict>
		<key>F0379FB41CAAD2420082584E</key>
		<dict>
			<key>children</key>
			<array>
				<string>F0379FB51CAAD2630082584E</string>
			</array>
			<key>isa</key>
			<string>PBXGroup</string>
			<key>name</key>
			<string>Timming</string>
			<key>sourceTree</key>
			<string>&lt;group&gt;</string>
		</dict>
		<key>F0379FB51CAAD2630082584E</key>
		<dict>
			<key>fileEncoding</key>
			<string>4</string>
			<key>isa</key>
			<string>PBXFileReference</string>
			<key>lastKnownFileType</key>
			<string>sourcecode.swift</string>
			<key>name</key>
			<string>TimmingViewController.swift</string>
			<key>path</key>
			<string>ViewControllers/Timming/TimmingViewController.swift</string>
			<key>sourceTree</key>
			<string>&lt;group&gt;</string>
		</dict>
		<key>F0379FB61CAAD2630082584E</key>
		<dict>
			<key>fileRef</key>
			<string>F0379FB51CAAD2630082584E</string>
			<key>isa</key>
			<string>PBXBuildFile</string>
		</dict>
		<key>F064366F1CB0D52B005720AB</key>
		<dict>
			<key>children</key>
			<array>
				<string>F06436701CB0D53F005720AB</string>
				<string>F06436721CB0D574005720AB</string>
			</array>
			<key>isa</key>
			<string>PBXGroup</string>
			<key>name</key>
			<string>GoldAlterView</string>
			<key>sourceTree</key>
			<string>&lt;group&gt;</string>
		</dict>
		<key>F06436701CB0D53F005720AB</key>
		<dict>
			<key>fileEncoding</key>
			<string>4</string>
			<key>isa</key>
			<string>PBXFileReference</string>
			<key>lastKnownFileType</key>
			<string>sourcecode.swift</string>
			<key>name</key>
			<string>GoldAlterView.swift</string>
			<key>path</key>
			<string>Views/GoldAlterView/GoldAlterView.swift</string>
			<key>sourceTree</key>
			<string>&lt;group&gt;</string>
		</dict>
		<key>F06436711CB0D53F005720AB</key>
		<dict>
			<key>fileRef</key>
			<string>F06436701CB0D53F005720AB</string>
			<key>isa</key>
			<string>PBXBuildFile</string>
		</dict>
		<key>F06436721CB0D574005720AB</key>
		<dict>
			<key>fileEncoding</key>
			<string>4</string>
			<key>isa</key>
			<string>PBXFileReference</string>
			<key>lastKnownFileType</key>
			<string>file.xib</string>
			<key>name</key>
			<string>GoldAlterView.xib</string>
			<key>path</key>
			<string>Views/GoldAlterView/GoldAlterView.xib</string>
			<key>sourceTree</key>
			<string>&lt;group&gt;</string>
		</dict>
		<key>F06436731CB0D574005720AB</key>
		<dict>
			<key>fileRef</key>
			<string>F06436721CB0D574005720AB</string>
			<key>isa</key>
			<string>PBXBuildFile</string>
		</dict>
		<key>F06436741CB0DB3C005720AB</key>
		<dict>
			<key>fileEncoding</key>
			<string>4</string>
			<key>isa</key>
			<string>PBXFileReference</string>
			<key>lastKnownFileType</key>
			<string>sourcecode.swift</string>
			<key>name</key>
			<string>Global.swift</string>
			<key>path</key>
			<string>Helpers/Global.swift</string>
			<key>sourceTree</key>
			<string>&lt;group&gt;</string>
		</dict>
		<key>F06436751CB0DB3C005720AB</key>
		<dict>
			<key>fileRef</key>
			<string>F06436741CB0DB3C005720AB</string>
			<key>isa</key>
			<string>PBXBuildFile</string>
		</dict>
		<key>F0B1B65B1CAF8CDA00286EE7</key>
		<dict>
			<key>children</key>
			<array>
				<string>F0B1B65C1CAF8CF300286EE7</string>
			</array>
			<key>isa</key>
			<string>PBXGroup</string>
			<key>name</key>
			<string>RoundView</string>
			<key>sourceTree</key>
			<string>&lt;group&gt;</string>
		</dict>
		<key>F0B1B65C1CAF8CF300286EE7</key>
		<dict>
			<key>fileEncoding</key>
			<string>4</string>
			<key>isa</key>
			<string>PBXFileReference</string>
			<key>lastKnownFileType</key>
			<string>sourcecode.swift</string>
			<key>name</key>
			<string>RoundView.swift</string>
			<key>path</key>
			<string>Views/RoundView/RoundView.swift</string>
			<key>sourceTree</key>
			<string>&lt;group&gt;</string>
		</dict>
		<key>F0B1B65D1CAF8CF300286EE7</key>
		<dict>
			<key>fileRef</key>
			<string>F0B1B65C1CAF8CF300286EE7</string>
			<key>isa</key>
			<string>PBXBuildFile</string>
		</dict>
		<key>F0B1B65E1CAFD6FC00286EE7</key>
		<dict>
			<key>fileEncoding</key>
			<string>4</string>
			<key>isa</key>
			<string>PBXFileReference</string>
			<key>lastKnownFileType</key>
			<string>sourcecode.swift</string>
			<key>name</key>
			<string>TouchDebugView.swift</string>
			<key>path</key>
			<string>Helpers/TouchDebugView.swift</string>
			<key>sourceTree</key>
			<string>&lt;group&gt;</string>
		</dict>
		<key>F0B1B65F1CAFD6FC00286EE7</key>
		<dict>
			<key>fileRef</key>
			<string>F0B1B65E1CAFD6FC00286EE7</string>
			<key>isa</key>
			<string>PBXBuildFile</string>
		</dict>
		<key>F0BA88901CA682B100210DE7</key>
		<dict>
			<key>children</key>
			<array>
				<string>F89C04991CAA669200308952</string>
				<string>F02474041CA57E7A0049DB21</string>
				<string>F02474021CA57E7A0049DB21</string>
				<string>F02474071CA57E7A0049DB21</string>
			</array>
			<key>isa</key>
			<string>PBXGroup</string>
			<key>name</key>
			<string>Resource</string>
			<key>sourceTree</key>
			<string>&lt;group&gt;</string>
		</dict>
		<key>F0E4F0471CA9701200DA6A28</key>
		<dict>
			<key>children</key>
			<array>
				<string>F0E4F0481CA9704A00DA6A28</string>
			</array>
			<key>isa</key>
			<string>PBXGroup</string>
			<key>name</key>
			<string>Start</string>
			<key>sourceTree</key>
			<string>&lt;group&gt;</string>
		</dict>
		<key>F0E4F0481CA9704A00DA6A28</key>
		<dict>
			<key>fileEncoding</key>
			<string>4</string>
			<key>isa</key>
			<string>PBXFileReference</string>
			<key>lastKnownFileType</key>
			<string>sourcecode.swift</string>
			<key>name</key>
			<string>StartViewController.swift</string>
			<key>path</key>
			<string>ViewControllers/Start/StartViewController.swift</string>
			<key>sourceTree</key>
			<string>&lt;group&gt;</string>
		</dict>
		<key>F0E4F0491CA9704A00DA6A28</key>
		<dict>
			<key>fileRef</key>
			<string>F0E4F0481CA9704A00DA6A28</string>
			<key>isa</key>
			<string>PBXBuildFile</string>
		</dict>
		<key>F0E8B0EA1CB3FC99001C702F</key>
		<dict>
			<key>children</key>
			<array>
				<string>F0E8B0EB1CB3FCB3001C702F</string>
			</array>
			<key>isa</key>
			<string>PBXGroup</string>
			<key>name</key>
			<string>ConstellationView</string>
			<key>sourceTree</key>
			<string>&lt;group&gt;</string>
		</dict>
		<key>F0E8B0EB1CB3FCB3001C702F</key>
		<dict>
			<key>fileEncoding</key>
			<string>4</string>
			<key>isa</key>
			<string>PBXFileReference</string>
			<key>lastKnownFileType</key>
			<string>sourcecode.swift</string>
			<key>name</key>
			<string>ConstellationView.swift</string>
			<key>path</key>
			<string>Views/ConstellationView/ConstellationView.swift</string>
			<key>sourceTree</key>
			<string>&lt;group&gt;</string>
		</dict>
		<key>F0E8B0EC1CB3FCB3001C702F</key>
		<dict>
			<key>fileRef</key>
			<string>F0E8B0EB1CB3FCB3001C702F</string>
			<key>isa</key>
			<string>PBXBuildFile</string>
		</dict>
		<key>F0E8B0ED1CB4097F001C702F</key>
		<dict>
			<key>fileEncoding</key>
			<string>4</string>
			<key>isa</key>
			<string>PBXFileReference</string>
			<key>lastKnownFileType</key>
			<string>sourcecode.swift</string>
			<key>name</key>
			<string>UIColor+Universe.swift</string>
			<key>path</key>
			<string>Extensions/UIColor+Universe.swift</string>
			<key>sourceTree</key>
			<string>&lt;group&gt;</string>
		</dict>
		<key>F0E8B0EE1CB4097F001C702F</key>
		<dict>
			<key>fileRef</key>
			<string>F0E8B0ED1CB4097F001C702F</string>
			<key>isa</key>
			<string>PBXBuildFile</string>
		</dict>
		<key>F84E7FE123ED8EEBCAEB0E06</key>
		<dict>
			<key>explicitFileType</key>
			<string>wrapper.framework</string>
			<key>includeInIndex</key>
			<string>0</string>
			<key>isa</key>
			<string>PBXFileReference</string>
			<key>path</key>
			<string>Pods_Universe.framework</string>
			<key>sourceTree</key>
			<string>BUILT_PRODUCTS_DIR</string>
		</dict>
		<key>F86587B11CA8EFB500000063</key>
		<dict>
			<key>children</key>
			<array>
				<string>F86587B41CA8EFF000000063</string>
				<string>F89C04961CAA572F00308952</string>
				<string>F0E8B0ED1CB4097F001C702F</string>
			</array>
			<key>isa</key>
			<string>PBXGroup</string>
			<key>name</key>
			<string>Extensions</string>
			<key>sourceTree</key>
			<string>&lt;group&gt;</string>
		</dict>
		<key>F86587B41CA8EFF000000063</key>
		<dict>
			<key>fileEncoding</key>
			<string>4</string>
			<key>isa</key>
			<string>PBXFileReference</string>
			<key>lastKnownFileType</key>
			<string>sourcecode.swift</string>
			<key>name</key>
			<string>UIImage+Univserse.swift</string>
			<key>path</key>
			<string>Extensions/UIImage+Univserse.swift</string>
			<key>sourceTree</key>
			<string>&lt;group&gt;</string>
		</dict>
		<key>F86587B51CA8EFF000000063</key>
		<dict>
			<key>fileRef</key>
			<string>F86587B41CA8EFF000000063</string>
			<key>isa</key>
			<string>PBXBuildFile</string>
		</dict>
		<key>F86587B61CA9078600000063</key>
		<dict>
			<key>children</key>
			<array>
				<string>F89C049A1CAA66A400308952</string>
				<string>F86587B71CA9079500000063</string>
			</array>
			<key>isa</key>
			<string>PBXGroup</string>
			<key>name</key>
			<string>Font</string>
			<key>sourceTree</key>
			<string>&lt;group&gt;</string>
		</dict>
		<key>F86587B71CA9079500000063</key>
		<dict>
			<key>isa</key>
			<string>PBXFileReference</string>
			<key>lastKnownFileType</key>
			<string>file</string>
			<key>name</key>
			<string>OpenSans-Light.ttf</string>
			<key>path</key>
			<string>Font/OpenSans-Light.ttf</string>
			<key>sourceTree</key>
			<string>&lt;group&gt;</string>
		</dict>
		<key>F86587B81CA9079500000063</key>
		<dict>
			<key>fileRef</key>
			<string>F86587B71CA9079500000063</string>
			<key>isa</key>
			<string>PBXBuildFile</string>
		</dict>
		<key>F86587BD1CAA4CE700000063</key>
		<dict>
			<key>children</key>
			<array/>
			<key>isa</key>
			<string>PBXGroup</string>
			<key>name</key>
			<string>Protocol</string>
			<key>sourceTree</key>
			<string>&lt;group&gt;</string>
		</dict>
		<key>F89C04911CAA54E700308952</key>
		<dict>
			<key>children</key>
			<array>
				<string>F89C04921CAA552F00308952</string>
			</array>
			<key>isa</key>
			<string>PBXGroup</string>
			<key>name</key>
			<string>Vender</string>
			<key>sourceTree</key>
			<string>&lt;group&gt;</string>
		</dict>
		<key>F89C04921CAA552F00308952</key>
		<dict>
			<key>children</key>
			<array>
				<string>F89C04931CAA554100308952</string>
				<string>F89C04941CAA554100308952</string>
			</array>
			<key>isa</key>
			<string>PBXGroup</string>
			<key>name</key>
			<string>MZTimerLabel</string>
			<key>sourceTree</key>
			<string>&lt;group&gt;</string>
		</dict>
		<key>F89C04931CAA554100308952</key>
		<dict>
			<key>fileEncoding</key>
			<string>4</string>
			<key>isa</key>
			<string>PBXFileReference</string>
			<key>lastKnownFileType</key>
			<string>sourcecode.c.h</string>
			<key>name</key>
			<string>MZTimerLabel.h</string>
			<key>path</key>
			<string>Vender/MZTimerLabel/MZTimerLabel.h</string>
			<key>sourceTree</key>
			<string>&lt;group&gt;</string>
		</dict>
		<key>F89C04941CAA554100308952</key>
		<dict>
			<key>fileEncoding</key>
			<string>4</string>
			<key>isa</key>
			<string>PBXFileReference</string>
			<key>lastKnownFileType</key>
			<string>sourcecode.c.objc</string>
			<key>name</key>
			<string>MZTimerLabel.m</string>
			<key>path</key>
			<string>Vender/MZTimerLabel/MZTimerLabel.m</string>
			<key>sourceTree</key>
			<string>&lt;group&gt;</string>
		</dict>
		<key>F89C04951CAA554100308952</key>
		<dict>
			<key>fileRef</key>
			<string>F89C04941CAA554100308952</string>
			<key>isa</key>
			<string>PBXBuildFile</string>
		</dict>
		<key>F89C04961CAA572F00308952</key>
		<dict>
			<key>fileEncoding</key>
			<string>4</string>
			<key>isa</key>
			<string>PBXFileReference</string>
			<key>lastKnownFileType</key>
			<string>sourcecode.swift</string>
			<key>name</key>
			<string>UIFont+Universe.swift</string>
			<key>path</key>
			<string>Extensions/UIFont+Universe.swift</string>
			<key>sourceTree</key>
			<string>&lt;group&gt;</string>
		</dict>
		<key>F89C04971CAA572F00308952</key>
		<dict>
			<key>fileRef</key>
			<string>F89C04961CAA572F00308952</string>
			<key>isa</key>
			<string>PBXBuildFile</string>
		</dict>
		<key>F89C04991CAA669200308952</key>
		<dict>
			<key>fileEncoding</key>
			<string>4</string>
			<key>isa</key>
			<string>PBXFileReference</string>
			<key>lastKnownFileType</key>
			<string>sourcecode.c.h</string>
			<key>path</key>
			<string>Universe-Bridging-Header.h</string>
			<key>sourceTree</key>
			<string>&lt;group&gt;</string>
		</dict>
		<key>F89C049A1CAA66A400308952</key>
		<dict>
			<key>isa</key>
			<string>PBXFileReference</string>
			<key>lastKnownFileType</key>
			<string>file</string>
			<key>name</key>
			<string>HelveticaNeue.ttf</string>
			<key>path</key>
			<string>Font/HelveticaNeue.ttf</string>
			<key>sourceTree</key>
			<string>&lt;group&gt;</string>
		</dict>
		<key>F89C049B1CAA66A400308952</key>
		<dict>
			<key>fileRef</key>
			<string>F89C049A1CAA66A400308952</string>
			<key>isa</key>
			<string>PBXBuildFile</string>
		</dict>
	</dict>
	<key>rootObject</key>
	<string>F02473F01CA57E7A0049DB21</string>
</dict>
</plist>
